
Microsoft Visual Studio Solution File, Format Version 9.00
# Visual Studio 2005
Project("{8BC9CEB8-8B4A-11D0-8D11-00A0C91BC942}") = "cdrPeops", "cdrPeops.vcproj", "{186049E0-87D6-47CC-99CA-D2DD09B8B014}"
EndProject
Global
	GlobalSection(SolutionConfigurationPlatforms) = preSolution
		Debug|Win32 = Debug|Win32
		Release|Win32 = Release|Win32
	EndGlobalSection
	GlobalSection(ProjectConfigurationPlatforms) = postSolution
		{186049E0-87D6-47CC-99CA-D2DD09B8B014}.Debug|Win32.ActiveCfg = Debug|Win32
		{186049E0-87D6-47CC-99CA-D2DD09B8B014}.Debug|Win32.Build.0 = Debug|Win32
		{186049E0-87D6-47CC-99CA-D2DD09B8B014}.Release|Win32.ActiveCfg = Release|Win32
		{186049E0-87D6-47CC-99CA-D2DD09B8B014}.Release|Win32.Build.0 = Release|Win32
	EndGlobalSection
	GlobalSection(SolutionProperties) = preSolution
		HideSolutionNode = FALSE
	EndGlobalSection
EndGlobal
