
Microsoft Visual Studio Solution File, Format Version 9.00
# Visual Studio 2005
Project("{8BC9CEB8-8B4A-11D0-8D11-00A0C91BC942}") = "cdriso", "cdriso.vcproj", "{78E8C69D-C2F6-4D77-8605-B84EAD13AAD0}"
EndProject
Global
	GlobalSection(SolutionConfigurationPlatforms) = preSolution
		Release|Win32 = Release|Win32
	EndGlobalSection
	GlobalSection(ProjectConfigurationPlatforms) = postSolution
		{78E8C69D-C2F6-4D77-8605-B84EAD13AAD0}.Release|Win32.ActiveCfg = Release|Win32
		{78E8C69D-C2F6-4D77-8605-B84EAD13AAD0}.Release|Win32.Build.0 = Release|Win32
	EndGlobalSection
	GlobalSection(SolutionProperties) = preSolution
		HideSolutionNode = FALSE
	EndGlobalSection
EndGlobal
