
Microsoft Visual Studio Solution File, Format Version 9.00
# Visual Studio 2005
Project("{8BC9CEB8-8B4A-11D0-8D11-00A0C91BC942}") = "pcsx", "pcsx.vcproj", "{66893A12-B867-4F74-B698-38DB297CDDA5}"
	ProjectSection(ProjectDependencies) = postProject
		{70307531-16AA-416B-BD03-5D68FEC0BD66} = {70307531-16AA-416B-BD03-5D68FEC0BD66}
		{8C80884C-225B-4BD6-9DF8-A37C5D112C85} = {8C80884C-225B-4BD6-9DF8-A37C5D112C85}
		{0ACFB669-4FE3-435F-9459-8F52217A8368} = {0ACFB669-4FE3-435F-9459-8F52217A8368}
		{78E8C69D-C2F6-4D77-8605-B84EAD13AAD0} = {78E8C69D-C2F6-4D77-8605-B84EAD13AAD0}
	EndProjectSection
EndProject
Project("{8BC9CEB8-8B4A-11D0-8D11-00A0C91BC942}") = "spuPeopsSound", "..\plugins\spuTAS\spuPeopsSound.vcproj", "{8C80884C-225B-4BD6-9DF8-A37C5D112C85}"
EndProject
Project("{8BC9CEB8-8B4A-11D0-8D11-00A0C91BC942}") = "gpuPeopsSoft", "..\plugins\gpuTASsoft\gpuPeopsSoft.vcproj", "{0ACFB669-4FE3-435F-9459-8F52217A8368}"
EndProject
Project("{8BC9CEB8-8B4A-11D0-8D11-00A0C91BC942}") = "cdriso", "..\plugins\cdrTASiso\Win32\cdriso.vcproj", "{78E8C69D-C2F6-4D77-8605-B84EAD13AAD0}"
EndProject
Project("{8BC9CEB8-8B4A-11D0-8D11-00A0C91BC942}") = "cdrsapu", "..\plugins\cdrTAScdrom\cdrsapu.vcproj", "{70307531-16AA-416B-BD03-5D68FEC0BD66}"
EndProject
Project("{8BC9CEB8-8B4A-11D0-8D11-00A0C91BC942}") = "libpng", "libpng-1.0.50\libpng.vcproj", "{E79A82A6-4BBC-44B2-9A53-2596374BA0AF}"
EndProject
Global
	GlobalSection(SolutionConfigurationPlatforms) = preSolution
		Debug|Win32 = Debug|Win32
		Release|Win32 = Release|Win32
	EndGlobalSection
	GlobalSection(ProjectConfigurationPlatforms) = postSolution
		{66893A12-B867-4F74-B698-38DB297CDDA5}.Debug|Win32.ActiveCfg = Debug|Win32
		{66893A12-B867-4F74-B698-38DB297CDDA5}.Debug|Win32.Build.0 = Debug|Win32
		{66893A12-B867-4F74-B698-38DB297CDDA5}.Release|Win32.ActiveCfg = Release|Win32
		{66893A12-B867-4F74-B698-38DB297CDDA5}.Release|Win32.Build.0 = Release|Win32
		{8C80884C-225B-4BD6-9DF8-A37C5D112C85}.Debug|Win32.ActiveCfg = Debug|Win32
		{8C80884C-225B-4BD6-9DF8-A37C5D112C85}.Debug|Win32.Build.0 = Debug|Win32
		{8C80884C-225B-4BD6-9DF8-A37C5D112C85}.Release|Win32.ActiveCfg = Release|Win32
		{8C80884C-225B-4BD6-9DF8-A37C5D112C85}.Release|Win32.Build.0 = Release|Win32
		{0ACFB669-4FE3-435F-9459-8F52217A8368}.Debug|Win32.ActiveCfg = Debug|Win32
		{0ACFB669-4FE3-435F-9459-8F52217A8368}.Debug|Win32.Build.0 = Debug|Win32
		{0ACFB669-4FE3-435F-9459-8F52217A8368}.Release|Win32.ActiveCfg = Release|Win32
		{0ACFB669-4FE3-435F-9459-8F52217A8368}.Release|Win32.Build.0 = Release|Win32
		{78E8C69D-C2F6-4D77-8605-B84EAD13AAD0}.Debug|Win32.ActiveCfg = Debug|Win32
		{78E8C69D-C2F6-4D77-8605-B84EAD13AAD0}.Debug|Win32.Build.0 = Debug|Win32
		{78E8C69D-C2F6-4D77-8605-B84EAD13AAD0}.Release|Win32.ActiveCfg = Release|Win32
		{78E8C69D-C2F6-4D77-8605-B84EAD13AAD0}.Release|Win32.Build.0 = Release|Win32
		{70307531-16AA-416B-BD03-5D68FEC0BD66}.Debug|Win32.ActiveCfg = Debug|Win32
		{70307531-16AA-416B-BD03-5D68FEC0BD66}.Debug|Win32.Build.0 = Debug|Win32
		{70307531-16AA-416B-BD03-5D68FEC0BD66}.Release|Win32.ActiveCfg = Release|Win32
		{70307531-16AA-416B-BD03-5D68FEC0BD66}.Release|Win32.Build.0 = Release|Win32
		{E79A82A6-4BBC-44B2-9A53-2596374BA0AF}.Debug|Win32.ActiveCfg = Debug|Win32
		{E79A82A6-4BBC-44B2-9A53-2596374BA0AF}.Debug|Win32.Build.0 = Debug|Win32
		{E79A82A6-4BBC-44B2-9A53-2596374BA0AF}.Release|Win32.ActiveCfg = Release|Win32
		{E79A82A6-4BBC-44B2-9A53-2596374BA0AF}.Release|Win32.Build.0 = Release|Win32
	EndGlobalSection
	GlobalSection(SolutionProperties) = preSolution
		HideSolutionNode = FALSE
	EndGlobalSection
EndGlobal
